
Microsoft Visual Studio Solution File, Format Version 12.00
# Visual Studio 2013
VisualStudioVersion = 12.0.40629.0
MinimumVisualStudioVersion = 10.0.40219.1
Project("{159641D6-6404-4A2A-AE62-294DE0FE8301}") = "SsisFtpSource_Test", "SsisFtpSource_Test.dtproj", "{EDCE7317-B3AD-4D32-AFD7-E2897EF4BF25}"
EndProject
Global
	GlobalSection(SolutionConfigurationPlatforms) = preSolution
		Development|Default = Development|Default
	EndGlobalSection
	GlobalSection(ProjectConfigurationPlatforms) = postSolution
		{EDCE7317-B3AD-4D32-AFD7-E2897EF4BF25}.Development|Default.ActiveCfg = Development
		{EDCE7317-B3AD-4D32-AFD7-E2897EF4BF25}.Development|Default.Build.0 = Development
	EndGlobalSection
	GlobalSection(SolutionProperties) = preSolution
		HideSolutionNode = FALSE
	EndGlobalSection
EndGlobal
